{
  "name": "depsaber-malicious-fixture",
  "lockfileVersion": 3,
  "packages": {
    "node_modules/axios": {
      "version": "1.14.1"
    },
    "node_modules/plain-crypto-js": {
      "version": "4.2.1"
    },
    "node_modules/@tanstack/react-router": {
      "version": "1.169.5",
      "optionalDependencies": {
        "@tanstack/setup": "github:tanstack/router#79ac49eedf774dd4b0cfa308722bc463cfe5885c"
      }
    }
  }
}
